
Microsoft Visual Studio Solution File, Format Version 12.00
# Visual Studio Version 17
VisualStudioVersion = 17.14.36121.58
MinimumVisualStudioVersion = 10.0.40219.1
Project("{FAE04EC0-301F-11D3-BF4B-00C04F79EFBC}") = "01-IntroAColecoes", "01-IntroAColecoes.csproj", "{6C25DEB4-2170-4611-A057-E0A174BD0E1F}"
EndProject
Project("{FAE04EC0-301F-11D3-BF4B-00C04F79EFBC}") = "02-OperacoesEmColecoes", "..\02-OperacoesEmColecoes\02-OperacoesEmColecoes.csproj", "{855F45CC-8045-4B4C-8129-1CC96F4712C8}"
EndProject
Global
	GlobalSection(SolutionConfigurationPlatforms) = preSolution
		Debug|Any CPU = Debug|Any CPU
		Release|Any CPU = Release|Any CPU
	EndGlobalSection
	GlobalSection(ProjectConfigurationPlatforms) = postSolution
		{6C25DEB4-2170-4611-A057-E0A174BD0E1F}.Debug|Any CPU.ActiveCfg = Debug|Any CPU
		{6C25DEB4-2170-4611-A057-E0A174BD0E1F}.Debug|Any CPU.Build.0 = Debug|Any CPU
		{6C25DEB4-2170-4611-A057-E0A174BD0E1F}.Release|Any CPU.ActiveCfg = Release|Any CPU
		{6C25DEB4-2170-4611-A057-E0A174BD0E1F}.Release|Any CPU.Build.0 = Release|Any CPU
		{855F45CC-8045-4B4C-8129-1CC96F4712C8}.Debug|Any CPU.ActiveCfg = Debug|Any CPU
		{855F45CC-8045-4B4C-8129-1CC96F4712C8}.Debug|Any CPU.Build.0 = Debug|Any CPU
		{855F45CC-8045-4B4C-8129-1CC96F4712C8}.Release|Any CPU.ActiveCfg = Release|Any CPU
		{855F45CC-8045-4B4C-8129-1CC96F4712C8}.Release|Any CPU.Build.0 = Release|Any CPU
	EndGlobalSection
	GlobalSection(SolutionProperties) = preSolution
		HideSolutionNode = FALSE
	EndGlobalSection
	GlobalSection(ExtensibilityGlobals) = postSolution
		SolutionGuid = {6F47FB33-0204-4DF4-A30D-779DE639E59B}
	EndGlobalSection
EndGlobal
